
Microsoft Visual Studio Solution File, Format Version 12.00
# Visual Studio 15
VisualStudioVersion = 15.0.28307.539
MinimumVisualStudioVersion = 10.0.40219.1
Project("{FAE04EC0-301F-11D3-BF4B-00C04F79EFBC}") = "Jogodavelha", "Jogodavelha\Jogodavelha.csproj", "{8AA168EE-8C2D-47C4-845E-53E034A620E3}"
EndProject
Global
	GlobalSection(SolutionConfigurationPlatforms) = preSolution
		Debug|Any CPU = Debug|Any CPU
		Release|Any CPU = Release|Any CPU
	EndGlobalSection
	GlobalSection(ProjectConfigurationPlatforms) = postSolution
		{8AA168EE-8C2D-47C4-845E-53E034A620E3}.Debug|Any CPU.ActiveCfg = Debug|Any CPU
		{8AA168EE-8C2D-47C4-845E-53E034A620E3}.Debug|Any CPU.Build.0 = Debug|Any CPU
		{8AA168EE-8C2D-47C4-845E-53E034A620E3}.Release|Any CPU.ActiveCfg = Release|Any CPU
		{8AA168EE-8C2D-47C4-845E-53E034A620E3}.Release|Any CPU.Build.0 = Release|Any CPU
	EndGlobalSection
	GlobalSection(SolutionProperties) = preSolution
		HideSolutionNode = FALSE
	EndGlobalSection
	GlobalSection(ExtensibilityGlobals) = postSolution
		SolutionGuid = {C3487855-557D-47FC-B704-C52A8412EC6B}
	EndGlobalSection
EndGlobal
